
Microsoft Visual Studio Solution File, Format Version 12.00
# Visual Studio 15
VisualStudioVersion = 15.0.26124.0
MinimumVisualStudioVersion = 15.0.26124.0
Project("{2150E333-8FDC-42A3-9474-1A3956D46DE8}") = "AgroPlan.Planification", "AgroPlan.Planification", "{F9F61399-B5B3-4867-96D6-FA60E734DF2D}"
EndProject
Project("{FAE04EC0-301F-11D3-BF4B-00C04F79EFBC}") = "AgroPlan.Planification.Api", "AgroPlan.Planification\AgroPlan.Planification.Api\AgroPlan.Planification.Api.csproj", "{2D50EBD6-869C-44B7-8DAD-710A87DD7195}"
EndProject
Project("{FAE04EC0-301F-11D3-BF4B-00C04F79EFBC}") = "AgroPlan.Planification.Core", "AgroPlan.Planification\AgroPlan.Planification.Core\AgroPlan.Planification.Core.csproj", "{4641811A-0FB8-4A12-B1CD-3492AE3F9989}"
EndProject
Project("{FAE04EC0-301F-11D3-BF4B-00C04F79EFBC}") = "AgroPlan.Planification.Infrastructure", "AgroPlan.Planification\AgroPlan.Planification.Infrastructure\AgroPlan.Planification.Infrastructure.csproj", "{1EAFF7A1-7D6D-4189-BBCC-98F688F54DC1}"
EndProject
Global
	GlobalSection(SolutionConfigurationPlatforms) = preSolution
		Debug|Any CPU = Debug|Any CPU
		Debug|x64 = Debug|x64
		Debug|x86 = Debug|x86
		Release|Any CPU = Release|Any CPU
		Release|x64 = Release|x64
		Release|x86 = Release|x86
	EndGlobalSection
	GlobalSection(SolutionProperties) = preSolution
		HideSolutionNode = FALSE
	EndGlobalSection
	GlobalSection(ProjectConfigurationPlatforms) = postSolution
		{2D50EBD6-869C-44B7-8DAD-710A87DD7195}.Debug|Any CPU.ActiveCfg = Debug|Any CPU
		{2D50EBD6-869C-44B7-8DAD-710A87DD7195}.Debug|Any CPU.Build.0 = Debug|Any CPU
		{2D50EBD6-869C-44B7-8DAD-710A87DD7195}.Debug|x64.ActiveCfg = Debug|Any CPU
		{2D50EBD6-869C-44B7-8DAD-710A87DD7195}.Debug|x64.Build.0 = Debug|Any CPU
		{2D50EBD6-869C-44B7-8DAD-710A87DD7195}.Debug|x86.ActiveCfg = Debug|Any CPU
		{2D50EBD6-869C-44B7-8DAD-710A87DD7195}.Debug|x86.Build.0 = Debug|Any CPU
		{2D50EBD6-869C-44B7-8DAD-710A87DD7195}.Release|Any CPU.ActiveCfg = Release|Any CPU
		{2D50EBD6-869C-44B7-8DAD-710A87DD7195}.Release|Any CPU.Build.0 = Release|Any CPU
		{2D50EBD6-869C-44B7-8DAD-710A87DD7195}.Release|x64.ActiveCfg = Release|Any CPU
		{2D50EBD6-869C-44B7-8DAD-710A87DD7195}.Release|x64.Build.0 = Release|Any CPU
		{2D50EBD6-869C-44B7-8DAD-710A87DD7195}.Release|x86.ActiveCfg = Release|Any CPU
		{2D50EBD6-869C-44B7-8DAD-710A87DD7195}.Release|x86.Build.0 = Release|Any CPU
		{4641811A-0FB8-4A12-B1CD-3492AE3F9989}.Debug|Any CPU.ActiveCfg = Debug|Any CPU
		{4641811A-0FB8-4A12-B1CD-3492AE3F9989}.Debug|Any CPU.Build.0 = Debug|Any CPU
		{4641811A-0FB8-4A12-B1CD-3492AE3F9989}.Debug|x64.ActiveCfg = Debug|Any CPU
		{4641811A-0FB8-4A12-B1CD-3492AE3F9989}.Debug|x64.Build.0 = Debug|Any CPU
		{4641811A-0FB8-4A12-B1CD-3492AE3F9989}.Debug|x86.ActiveCfg = Debug|Any CPU
		{4641811A-0FB8-4A12-B1CD-3492AE3F9989}.Debug|x86.Build.0 = Debug|Any CPU
		{4641811A-0FB8-4A12-B1CD-3492AE3F9989}.Release|Any CPU.ActiveCfg = Release|Any CPU
		{4641811A-0FB8-4A12-B1CD-3492AE3F9989}.Release|Any CPU.Build.0 = Release|Any CPU
		{4641811A-0FB8-4A12-B1CD-3492AE3F9989}.Release|x64.ActiveCfg = Release|Any CPU
		{4641811A-0FB8-4A12-B1CD-3492AE3F9989}.Release|x64.Build.0 = Release|Any CPU
		{4641811A-0FB8-4A12-B1CD-3492AE3F9989}.Release|x86.ActiveCfg = Release|Any CPU
		{4641811A-0FB8-4A12-B1CD-3492AE3F9989}.Release|x86.Build.0 = Release|Any CPU
		{1EAFF7A1-7D6D-4189-BBCC-98F688F54DC1}.Debug|Any CPU.ActiveCfg = Debug|Any CPU
		{1EAFF7A1-7D6D-4189-BBCC-98F688F54DC1}.Debug|Any CPU.Build.0 = Debug|Any CPU
		{1EAFF7A1-7D6D-4189-BBCC-98F688F54DC1}.Debug|x64.ActiveCfg = Debug|Any CPU
		{1EAFF7A1-7D6D-4189-BBCC-98F688F54DC1}.Debug|x64.Build.0 = Debug|Any CPU
		{1EAFF7A1-7D6D-4189-BBCC-98F688F54DC1}.Debug|x86.ActiveCfg = Debug|Any CPU
		{1EAFF7A1-7D6D-4189-BBCC-98F688F54DC1}.Debug|x86.Build.0 = Debug|Any CPU
		{1EAFF7A1-7D6D-4189-BBCC-98F688F54DC1}.Release|Any CPU.ActiveCfg = Release|Any CPU
		{1EAFF7A1-7D6D-4189-BBCC-98F688F54DC1}.Release|Any CPU.Build.0 = Release|Any CPU
		{1EAFF7A1-7D6D-4189-BBCC-98F688F54DC1}.Release|x64.ActiveCfg = Release|Any CPU
		{1EAFF7A1-7D6D-4189-BBCC-98F688F54DC1}.Release|x64.Build.0 = Release|Any CPU
		{1EAFF7A1-7D6D-4189-BBCC-98F688F54DC1}.Release|x86.ActiveCfg = Release|Any CPU
		{1EAFF7A1-7D6D-4189-BBCC-98F688F54DC1}.Release|x86.Build.0 = Release|Any CPU
	EndGlobalSection
	GlobalSection(NestedProjects) = preSolution
		{2D50EBD6-869C-44B7-8DAD-710A87DD7195} = {F9F61399-B5B3-4867-96D6-FA60E734DF2D}
		{4641811A-0FB8-4A12-B1CD-3492AE3F9989} = {F9F61399-B5B3-4867-96D6-FA60E734DF2D}
		{1EAFF7A1-7D6D-4189-BBCC-98F688F54DC1} = {F9F61399-B5B3-4867-96D6-FA60E734DF2D}
	EndGlobalSection
EndGlobal
